
Microsoft Visual Studio Solution File, Format Version 12.00
Project("{FAE04EC0-301F-11D3-BF4B-00C04F79EFBC}") = "WebApi", "src\WebApi\WebApi.csproj", "{6C95EF7C-3B3A-479B-9ED8-5EAE5C53512C}"
EndProject
Project("{2150E333-8FDC-42A3-9474-1A3956D46DE8}") = "src", "src", "{6E469984-55BF-40C1-8DB4-DF334B5EF5E8}"
EndProject
Project("{FAE04EC0-301F-11D3-BF4B-00C04F79EFBC}") = "Application", "src\Application\Application.csproj", "{F054C7C5-CA6B-471D-A741-45109C771B3A}"
EndProject
Project("{FAE04EC0-301F-11D3-BF4B-00C04F79EFBC}") = "Domain", "src\Domain\Domain.csproj", "{47BCE9C6-85C3-4E22-9123-1357045F240D}"
EndProject
Project("{FAE04EC0-301F-11D3-BF4B-00C04F79EFBC}") = "Infrastructure", "src\Infrastructure\Infrastructure.csproj", "{1F574FC5-8E00-42D5-ADEE-CC7BC5BE64F5}"
EndProject
Project("{2150E333-8FDC-42A3-9474-1A3956D46DE8}") = "test", "test", "{147D254D-6C1E-4A39-A04F-B1196B2B22E6}"
EndProject
Project("{FAE04EC0-301F-11D3-BF4B-00C04F79EFBC}") = "Architecture.Tests", "tests\Architecture.Tests\Architecture.Tests.csproj", "{3B8FD417-0854-454A-88A0-700153F9FC33}"
EndProject
Project("{FAE04EC0-301F-11D3-BF4B-00C04F79EFBC}") = "Application.Tests", "tests\Application.Tests\Application.Tests.csproj", "{64010128-0887-4E5C-826B-117515900389}"
EndProject
Global
	GlobalSection(SolutionConfigurationPlatforms) = preSolution
		Debug|Any CPU = Debug|Any CPU
		Release|Any CPU = Release|Any CPU
	EndGlobalSection
	GlobalSection(ProjectConfigurationPlatforms) = postSolution
		{6C95EF7C-3B3A-479B-9ED8-5EAE5C53512C}.Debug|Any CPU.ActiveCfg = Debug|Any CPU
		{6C95EF7C-3B3A-479B-9ED8-5EAE5C53512C}.Debug|Any CPU.Build.0 = Debug|Any CPU
		{6C95EF7C-3B3A-479B-9ED8-5EAE5C53512C}.Release|Any CPU.ActiveCfg = Release|Any CPU
		{6C95EF7C-3B3A-479B-9ED8-5EAE5C53512C}.Release|Any CPU.Build.0 = Release|Any CPU
		{F054C7C5-CA6B-471D-A741-45109C771B3A}.Debug|Any CPU.ActiveCfg = Debug|Any CPU
		{F054C7C5-CA6B-471D-A741-45109C771B3A}.Debug|Any CPU.Build.0 = Debug|Any CPU
		{F054C7C5-CA6B-471D-A741-45109C771B3A}.Release|Any CPU.ActiveCfg = Release|Any CPU
		{F054C7C5-CA6B-471D-A741-45109C771B3A}.Release|Any CPU.Build.0 = Release|Any CPU
		{47BCE9C6-85C3-4E22-9123-1357045F240D}.Debug|Any CPU.ActiveCfg = Debug|Any CPU
		{47BCE9C6-85C3-4E22-9123-1357045F240D}.Debug|Any CPU.Build.0 = Debug|Any CPU
		{47BCE9C6-85C3-4E22-9123-1357045F240D}.Release|Any CPU.ActiveCfg = Release|Any CPU
		{47BCE9C6-85C3-4E22-9123-1357045F240D}.Release|Any CPU.Build.0 = Release|Any CPU
		{1F574FC5-8E00-42D5-ADEE-CC7BC5BE64F5}.Debug|Any CPU.ActiveCfg = Debug|Any CPU
		{1F574FC5-8E00-42D5-ADEE-CC7BC5BE64F5}.Debug|Any CPU.Build.0 = Debug|Any CPU
		{1F574FC5-8E00-42D5-ADEE-CC7BC5BE64F5}.Release|Any CPU.ActiveCfg = Release|Any CPU
		{1F574FC5-8E00-42D5-ADEE-CC7BC5BE64F5}.Release|Any CPU.Build.0 = Release|Any CPU
		{3B8FD417-0854-454A-88A0-700153F9FC33}.Debug|Any CPU.ActiveCfg = Debug|Any CPU
		{3B8FD417-0854-454A-88A0-700153F9FC33}.Debug|Any CPU.Build.0 = Debug|Any CPU
		{3B8FD417-0854-454A-88A0-700153F9FC33}.Release|Any CPU.ActiveCfg = Release|Any CPU
		{3B8FD417-0854-454A-88A0-700153F9FC33}.Release|Any CPU.Build.0 = Release|Any CPU
		{64010128-0887-4E5C-826B-117515900389}.Debug|Any CPU.ActiveCfg = Debug|Any CPU
		{64010128-0887-4E5C-826B-117515900389}.Debug|Any CPU.Build.0 = Debug|Any CPU
		{64010128-0887-4E5C-826B-117515900389}.Release|Any CPU.ActiveCfg = Release|Any CPU
		{64010128-0887-4E5C-826B-117515900389}.Release|Any CPU.Build.0 = Release|Any CPU
	EndGlobalSection
	GlobalSection(NestedProjects) = preSolution
		{6C95EF7C-3B3A-479B-9ED8-5EAE5C53512C} = {6E469984-55BF-40C1-8DB4-DF334B5EF5E8}
		{F054C7C5-CA6B-471D-A741-45109C771B3A} = {6E469984-55BF-40C1-8DB4-DF334B5EF5E8}
		{47BCE9C6-85C3-4E22-9123-1357045F240D} = {6E469984-55BF-40C1-8DB4-DF334B5EF5E8}
		{1F574FC5-8E00-42D5-ADEE-CC7BC5BE64F5} = {6E469984-55BF-40C1-8DB4-DF334B5EF5E8}
		{3B8FD417-0854-454A-88A0-700153F9FC33} = {147D254D-6C1E-4A39-A04F-B1196B2B22E6}
		{64010128-0887-4E5C-826B-117515900389} = {147D254D-6C1E-4A39-A04F-B1196B2B22E6}
	EndGlobalSection
EndGlobal
